
Microsoft Visual Studio Solution File, Format Version 12.00
# Visual Studio Version 16
VisualStudioVersion = 16.0.31205.134
MinimumVisualStudioVersion = 10.0.40219.1
Project("{FAE04EC0-301F-11D3-BF4B-00C04F79EFBC}") = "Barcode_CCSTape", "Barcode_CCSTape\Barcode_CCSTape.csproj", "{87A7B959-2C41-49C3-BD1F-F46CE4F8D981}"
EndProject
Project("{54435603-DBB4-11D2-8724-00A0C9A8B90C}") = "Barcode-CCS", "Barcode-CCS\Barcode-CCS.vdproj", "{42FF57EC-F774-4AEA-984E-BDABD143E05A}"
EndProject
Global
	GlobalSection(SolutionConfigurationPlatforms) = preSolution
		Debug|Any CPU = Debug|Any CPU
		Release|Any CPU = Release|Any CPU
	EndGlobalSection
	GlobalSection(ProjectConfigurationPlatforms) = postSolution
		{87A7B959-2C41-49C3-BD1F-F46CE4F8D981}.Debug|Any CPU.ActiveCfg = Debug|Any CPU
		{87A7B959-2C41-49C3-BD1F-F46CE4F8D981}.Debug|Any CPU.Build.0 = Debug|Any CPU
		{87A7B959-2C41-49C3-BD1F-F46CE4F8D981}.Release|Any CPU.ActiveCfg = Release|Any CPU
		{87A7B959-2C41-49C3-BD1F-F46CE4F8D981}.Release|Any CPU.Build.0 = Release|Any CPU
		{42FF57EC-F774-4AEA-984E-BDABD143E05A}.Debug|Any CPU.ActiveCfg = Debug
		{42FF57EC-F774-4AEA-984E-BDABD143E05A}.Release|Any CPU.ActiveCfg = Release
	EndGlobalSection
	GlobalSection(SolutionProperties) = preSolution
		HideSolutionNode = FALSE
	EndGlobalSection
	GlobalSection(ExtensibilityGlobals) = postSolution
		SolutionGuid = {D36D54BB-455C-499B-81C0-74BAEF85C5FE}
	EndGlobalSection
EndGlobal
